services:
  api:
    build:
      args:
        tag: ''
      context: /home/romainprignon/workspace/romainprignon/starter-api-ts
      dockerfile: Dockerfile
    environment:
      DOCKER_IMAGE: romainprignon/starter-api-ts
      DOCKER_STACK_NAME: romainprignon_starter-api-ts
      NODE_ENV: production
      PORT: '4000'
    image: romainprignon/starter-api-ts:0.2.1
    ports:
    - published: 4000
      target: 4000
version: '3.2'

